
Microsoft Visual Studio Solution File, Format Version 9.00
# Visual Studio 2005
Project("{FAE04EC0-301F-11D3-BF4B-00C04F79EFBC}") = "Bot", "Bot.csproj", "{C4C59D9F-E89A-4B59-8A9F-671E72C5EDAB}"
EndProject
Global
	GlobalSection(SolutionConfigurationPlatforms) = preSolution
		Debug|Any CPU = Debug|Any CPU
		Release|Any CPU = Release|Any CPU
	EndGlobalSection
	GlobalSection(ProjectConfigurationPlatforms) = postSolution
		{C4C59D9F-E89A-4B59-8A9F-671E72C5EDAB}.Debug|Any CPU.ActiveCfg = Debug|Any CPU
		{C4C59D9F-E89A-4B59-8A9F-671E72C5EDAB}.Debug|Any CPU.Build.0 = Debug|Any CPU
		{C4C59D9F-E89A-4B59-8A9F-671E72C5EDAB}.Release|Any CPU.ActiveCfg = Release|Any CPU
		{C4C59D9F-E89A-4B59-8A9F-671E72C5EDAB}.Release|Any CPU.Build.0 = Release|Any CPU
	EndGlobalSection
	GlobalSection(MonoDevelopProperties) = preSolution
		version = 0.1
		StartupItem = Bot.csproj
	EndGlobalSection
EndGlobal
